# This file is generated by running "yarn install" inside your project.
# Manual changes might be lost - proceed with caution!

__metadata:
  version: 4

"@types/node@npm:*":
  version: 14.0.13
  resolution: "@types/node@npm:14.0.13"
  checksum: 8d0e837ea864eb64936123821b9320d5b525e859f413068dbae110e1a8e8042859eddda4867eb737fe5d4f829db2721e580991a4d59d4cd0e4feede01fd0ff9d
  languageName: node
  linkType: hard

"@types/yauzl@npm:^2.9.1":
  version: 2.9.1
  resolution: "@types/yauzl@npm:2.9.1"
  dependencies:
    "@types/node": "*"
  checksum: d7b28dca182de86e3dd924cb87945e13393cb840dee74c18ac788265a85c5e16e846e89527e3e9f43d914e43786d246a82bdc11cf346f8fdcbe35ca49ca00a25
  languageName: node
  linkType: hard

"agent-base@npm:5":
  version: 5.1.1
  resolution: "agent-base@npm:5.1.1"
  checksum: 912f521d3fdf32bdc532fa6a80665d78bcc4f0f22d5228a72283ca6f345e4973ec507c93f5f97413c8fbc110c3a57bb2d1a6b61ae7b52cb580a0ca88f9f0021d
  languageName: node
  linkType: hard

"async@npm:^3.2.0":
  version: 3.2.0
  resolution: "async@npm:3.2.0"
  checksum: aeb17dd5049d3fcf08080326a99ff641248ceb284b0dd46246f2337aea28e951a5eeaf946005b2d567f853ea55a4a0490647c2b24d6163cb2ec3eda7f3dcc443
  languageName: node
  linkType: hard

"balanced-match@npm:^1.0.0":
  version: 1.0.0
  resolution: "balanced-match@npm:1.0.0"
  checksum: 6a1a4021cc9cb35182852582ed42470041430842bbc9d3dfad9536fca203281e4bc6316a017a0b876df0acb8d0d83daa22d5c6483108869c0895582525af9f60
  languageName: node
  linkType: hard

"base64-js@npm:^1.0.2":
  version: 1.3.1
  resolution: "base64-js@npm:1.3.1"
  checksum: bfee0b8689c467907a15d7b7dfd9e15a65a1f0e9d0fbcefc55e779614f0ded34d8e6c0ec0e2364b5b48c271949a861df8b5486e75d8ec973b0bbcdbf11fe5d4c
  languageName: node
  linkType: hard

"bl@npm:^4.0.1":
  version: 4.0.2
  resolution: "bl@npm:4.0.2"
  dependencies:
    buffer: ^5.5.0
    inherits: ^2.0.4
    readable-stream: ^3.4.0
  checksum: 8ee3995e4e44213e8dc9b3a72d80503f35786c4c2e7d8cc2d124974c7f3cd57662a5f81dc8cbac67da5e553fd690d06e9103ba1141eace5937b25b1115e2261e
  languageName: node
  linkType: hard

"brace-expansion@npm:^1.1.7":
  version: 1.1.11
  resolution: "brace-expansion@npm:1.1.11"
  dependencies:
    balanced-match: ^1.0.0
    concat-map: 0.0.1
  checksum: 6bf044764309bad6d15c6eabc39e93701643b00192439251afe8b4e0c08f941b840f3c8844b163fc307111459121712fb74e40073ddffb0358f8a640f14ba7b1
  languageName: node
  linkType: hard

"buffer-crc32@npm:~0.2.3":
  version: 0.2.13
  resolution: "buffer-crc32@npm:0.2.13"
  checksum: 6e56861c04a5cec619a35262cff11f43bfd12d48adefe20ae1bb3be7a966250c76f94553c900f3d900a2fd86dd3971341f2b4e75277c7cf8bd377187d709a860
  languageName: node
  linkType: hard

"buffer@npm:^5.2.1, buffer@npm:^5.5.0":
  version: 5.6.0
  resolution: "buffer@npm:5.6.0"
  dependencies:
    base64-js: ^1.0.2
    ieee754: ^1.1.4
  checksum: 592e8aa7319d83c55ac4e4d3ce0c70df490a5ca9bb9ab6b5887e315a1452dcd0f2eb23406caf0bab0225fa83c9b9d0737f45bb960aaec42ed8c320b78507ce75
  languageName: node
  linkType: hard

"chownr@npm:^1.1.1":
  version: 1.1.4
  resolution: "chownr@npm:1.1.4"
  checksum: 48e6e84a0a5ff15d35c5365b1bbb05bed163550bb29e2167af8f073f80154a560311c30a8aff334223197e548f6d7638a2b1a23e61d90ef36c90726a9b10b58a
  languageName: node
  linkType: hard

"concat-map@npm:0.0.1":
  version: 0.0.1
  resolution: "concat-map@npm:0.0.1"
  checksum: b295d07d6ac4f0e3fe511fce7ac74c5f6583e67bace249c32c6b2baa44b2c6220c7c177c9e44954485f37b7e7ec6a6a231447b62137d0fb56b44a7e871ac33e3
  languageName: node
  linkType: hard

"debug@npm:4, debug@npm:^4.1.0, debug@npm:^4.1.1":
  version: 4.2.0
  resolution: "debug@npm:4.2.0"
  dependencies:
    ms: 2.1.2
  peerDependencies:
    supports-color: "*"
  peerDependenciesMeta:
    supports-color:
      optional: true
  checksum: 3c332e7d330edf2d90a6e79cc7e42c72f27f4bf048ddb4c09512fd8cb2bc858500bde979a67fe6906908b156d38f51f4f6033813f82f8640f4156e18c36876c7
  languageName: node
  linkType: hard

"end-of-stream@npm:^1.1.0, end-of-stream@npm:^1.4.1":
  version: 1.4.4
  resolution: "end-of-stream@npm:1.4.4"
  dependencies:
    once: ^1.4.0
  checksum: a25dcd0d559363e7c63cce300e4224473fc5f8bf8d363c0b81c6b61b4773358463bac99dfd0b7146e79ebce591cd92fd608720325436cd3b6b31eacc9e9e859b
  languageName: node
  linkType: hard

"extract-zip@npm:^2.0.0":
  version: 2.0.1
  resolution: "extract-zip@npm:2.0.1"
  dependencies:
    "@types/yauzl": ^2.9.1
    debug: ^4.1.1
    get-stream: ^5.1.0
    yauzl: ^2.10.0
  dependenciesMeta:
    "@types/yauzl":
      optional: true
  bin:
    extract-zip: cli.js
  checksum: 4dc8f0c9b44b929fc2780085c430ee767ed23c760bfa5efbfb0157071e3fcb9c1fb8b51a32c0987c4ec3134e29f9aa9ceb59481a0e98c83abe64c07a7248385d
  languageName: node
  linkType: hard

"fd-slicer@npm:~1.1.0":
  version: 1.1.0
  resolution: "fd-slicer@npm:1.1.0"
  dependencies:
    pend: ~1.2.0
  checksum: 04f1d377e1207c9626cc082b4b20a10202388d68b27fc3004716baea09c2c9ad3c111761b25f4da5b16fc4a55b34b5b741865b3486ab2d7004ccb922fdb74b3d
  languageName: node
  linkType: hard

"fs-constants@npm:^1.0.0":
  version: 1.0.0
  resolution: "fs-constants@npm:1.0.0"
  checksum: c6b7b24dc99eb89aaaed21383c9adaa80cb16a72f5d7d69507bd98a1f930a6f41ac8b7b77a1f1f46990e14c05d15f42f4b8f57ce4b501a34c4e144f09c35f905
  languageName: node
  linkType: hard

"fs.realpath@npm:^1.0.0":
  version: 1.0.0
  resolution: "fs.realpath@npm:1.0.0"
  checksum: 7838256cafb93ee7a40754e7fdcae9c6e57b12528e22ae51a10bc6161ad6a647931dd99aa95ddf3a4ce8501766f78e57a56ed010043dddf8dddb4ad5af616acb
  languageName: node
  linkType: hard

"get-stream@npm:^5.1.0":
  version: 5.1.0
  resolution: "get-stream@npm:5.1.0"
  dependencies:
    pump: ^3.0.0
  checksum: 9e198e0e6d85dbb9d56a2b43d66bcc9717eb15df667fd6c817a431565d1477fd4579e6f975c97622fed9e1b2cfbc389515683b62b6b816b4ce29afc4f4b8871b
  languageName: node
  linkType: hard

"glob@npm:^7.1.3":
  version: 7.1.6
  resolution: "glob@npm:7.1.6"
  dependencies:
    fs.realpath: ^1.0.0
    inflight: ^1.0.4
    inherits: 2
    minimatch: ^3.0.4
    once: ^1.3.0
    path-is-absolute: ^1.0.0
  checksum: 1e4476a9b7a81eec0bcfee78de4c27a40d2bde349eb04a63c58636acf8dc5ad8c68bc47c841bf7de5fde22696b1d2a737ada65e66c2359a0b3195fafc1316814
  languageName: node
  linkType: hard

"https-proxy-agent@npm:^4.0.0":
  version: 4.0.0
  resolution: "https-proxy-agent@npm:4.0.0"
  dependencies:
    agent-base: 5
    debug: 4
  checksum: 2f9d4fd7e0e15fdd30d2d3e77636f106194714cb4042cd498b9cd4aac3ca04dba2e970ab5f5d0fc36d6e63f3fde327057ba62c6b047d18b6657994245498dae9
  languageName: node
  linkType: hard

"ieee754@npm:^1.1.4":
  version: 1.1.13
  resolution: "ieee754@npm:1.1.13"
  checksum: df4cf20264a9e739eea67cd82f1e0f9284906d399fbe886bcec9b1a7ea68a5e18e1d0e021dcca69f0896e3e0d17a3f198d4e68720bc7a577fd5cfc32e124c547
  languageName: node
  linkType: hard

"inflight@npm:^1.0.4":
  version: 1.0.6
  resolution: "inflight@npm:1.0.6"
  dependencies:
    once: ^1.3.0
    wrappy: 1
  checksum: 4ae4f2a43120647487d1650aaecd81044692397040d46d38257c349f142889be56ffb23f599c09dadc4287baeb4f3381e304e7eef111d7c7fec00def06111c4c
  languageName: node
  linkType: hard

"inherits@npm:2, inherits@npm:^2.0.3, inherits@npm:^2.0.4":
  version: 2.0.4
  resolution: "inherits@npm:2.0.4"
  checksum: d11734fde3095ce63e83a4be33779c8597b0c95edec3efcadf9a78a9312a520028e25acb2d126656005791550f9f2e17de3ea6abeb026fa24627401e5e174d6c
  languageName: node
  linkType: hard

"mime@npm:^2.0.3":
  version: 2.4.6
  resolution: "mime@npm:2.4.6"
  bin:
    mime: cli.js
  checksum: 624b0ea1bf6c9e523ba202b8b6bf216f8c82084ec9e0b7becef161c30f4978b0c3e8ce465e99893fae8218fe36c49f4c1bb34ace0dc19c5ed78b8a637592ce1b
  languageName: node
  linkType: hard

"minimatch@npm:^3.0.4":
  version: 3.0.4
  resolution: "minimatch@npm:3.0.4"
  dependencies:
    brace-expansion: ^1.1.7
  checksum: c32249a40b1dbbb8d836495877d91874fcf6ce9c287409c41bcb3efe5ad67e21512a459a4ae3ce9b32e1df376c1cde14cbe9fe3ba17f703c2b253993577f4ccf
  languageName: node
  linkType: hard

"mitt@npm:^2.0.1":
  version: 2.0.1
  resolution: "mitt@npm:2.0.1"
  checksum: 38c3b9dfb349c726262776faacd6093759e9cc30f0e5c4cacb64f9a0f593e9655d55328e0cd938fd2ded9c71abbe38f14d48469370084beaad1222ee6c49c574
  languageName: node
  linkType: hard

"mkdirp-classic@npm:^0.5.2":
  version: 0.5.3
  resolution: "mkdirp-classic@npm:0.5.3"
  checksum: ddaf7e7bc62730ffcaccd06a743511888df458effea3cc0eae2f7b2a1a75d4375f2ca82bb8a53a8771068e061943ac160b8fb8661c255e3f76b1c4b47b41d9be
  languageName: node
  linkType: hard

"ms@npm:2.1.2":
  version: 2.1.2
  resolution: "ms@npm:2.1.2"
  checksum: 2a3d955e5199024d4b18630ff47c21b52703a5e892615ae233486b8108f26b5493736009754263eebae765ab79d6e20327dad6e52d7843b689d404245e286549
  languageName: node
  linkType: hard

"once@npm:^1.3.0, once@npm:^1.3.1, once@npm:^1.4.0":
  version: 1.4.0
  resolution: "once@npm:1.4.0"
  dependencies:
    wrappy: 1
  checksum: 47a04404e9aa3a209a7e536b199780fe75aba04df0a035b221285f2f703d0ab58286ffb402ff7cb5a3b894d0e86685eb4fc2766ce7a19555c14221437f248c03
  languageName: node
  linkType: hard

"path-is-absolute@npm:^1.0.0":
  version: 1.0.1
  resolution: "path-is-absolute@npm:1.0.1"
  checksum: 0e197d7cfa28209bce077b65646e21beb9a9980cc2b57efa4a4bf3b3331ec003f823bfec0948326264a2cbc57645a666cf911eb5d949d627d9e788280cccaa07
  languageName: node
  linkType: hard

"pend@npm:~1.2.0":
  version: 1.2.0
  resolution: "pend@npm:1.2.0"
  checksum: cb22897b37846fcfced0a8919fc5fd094b487c22abef53593088ffcb150401a0a0eac0ee17b25f648932321bcc500439cb5fb45de8ad7067ed39a260a4c42eac
  languageName: node
  linkType: hard

"progress@npm:^2.0.1":
  version: 2.0.3
  resolution: "progress@npm:2.0.3"
  checksum: 32bae4231a6c78481aa173b4239746b15208471a9c6fc27ba602d1ef08d79b689d6ffedb8027a227386258654f6ea10866ef4b4db38ba4a2a8a5622171d586c6
  languageName: node
  linkType: hard

"proxy-from-env@npm:^1.0.0":
  version: 1.1.0
  resolution: "proxy-from-env@npm:1.1.0"
  checksum: ee2ab878c824d216b8d8a5e2743e183381bc0b01d8494733c1415445ec7fa05e9ed8d6f20c198e369df3b03d44124b3235d213fa2a1032539e173d5fb5e7c629
  languageName: node
  linkType: hard

"pump@npm:^3.0.0":
  version: 3.0.0
  resolution: "pump@npm:3.0.0"
  dependencies:
    end-of-stream: ^1.1.0
    once: ^1.3.1
  checksum: 09633ba0f0d3d09f68afa6d7ad46e05e4860ec0549d9e55a87baa28fca048c3b87d1debdf1b3fac9bbbd21cdb0c3e11c527cb63471569cf88bcc0daeb466b32e
  languageName: node
  linkType: hard

"puppeteer@npm:^4.0.0":
  version: 4.0.0
  resolution: "puppeteer@npm:4.0.0"
  dependencies:
    debug: ^4.1.0
    extract-zip: ^2.0.0
    https-proxy-agent: ^4.0.0
    mime: ^2.0.3
    mitt: ^2.0.1
    progress: ^2.0.1
    proxy-from-env: ^1.0.0
    rimraf: ^3.0.2
    tar-fs: ^2.0.0
    unbzip2-stream: ^1.3.3
    ws: ^7.2.3
  checksum: 807d5615cb614a22bc2d262ddacb5d7fe2a94b470464e0e7d17d82776d7968269846e0e24dc862755232546492a3014ba7d607e5862dfc410c207e4aa71a1dd5
  languageName: node
  linkType: hard

"readable-stream@npm:^3.1.1, readable-stream@npm:^3.4.0":
  version: 3.6.0
  resolution: "readable-stream@npm:3.6.0"
  dependencies:
    inherits: ^2.0.3
    string_decoder: ^1.1.1
    util-deprecate: ^1.0.1
  checksum: c8388d563520cc1c999c4f2786095ed203ff4437ca29c97dbcabaa60b1d24bac8c870751f45b7cfdc8577f3ec2c1e259bc879459fca852446e3fbb19299af2c7
  languageName: node
  linkType: hard

"rimraf@npm:^3.0.2":
  version: 3.0.2
  resolution: "rimraf@npm:3.0.2"
  dependencies:
    glob: ^7.1.3
  bin:
    rimraf: bin.js
  checksum: aa08a21124f5d53fbf7ad5c8db88becfa190079fab0fc3ac5639f3b28365d0ad449a54eab2dd423858a65831f7c8385ab81a3f7ffbc05be81952ce59e62c1f73
  languageName: node
  linkType: hard

"root-workspace-0b6124@workspace:.":
  version: 0.0.0-use.local
  resolution: "root-workspace-0b6124@workspace:."
  dependencies:
    async: ^3.2.0
    puppeteer: ^4.0.0
  languageName: unknown
  linkType: soft

"safe-buffer@npm:~5.2.0":
  version: 5.2.1
  resolution: "safe-buffer@npm:5.2.1"
  checksum: 99938fe11c04e9131fc12e5ad8980d0646af18640300c8fb84a5c0091a6552cf0147190c8b89f4d3398d6d768b8d299ccbdf2ed529b162497820ddb05c6309fc
  languageName: node
  linkType: hard

"string_decoder@npm:^1.1.1":
  version: 1.3.0
  resolution: "string_decoder@npm:1.3.0"
  dependencies:
    safe-buffer: ~5.2.0
  checksum: 35d2847ef06201a83990a864a5c4643581e8c34911ab22b9548c165b52f37059c7bb230a435607d1fbea70b51cc0b3c7c02e886c9a194b374854bb9edff407cd
  languageName: node
  linkType: hard

"tar-fs@npm:^2.0.0":
  version: 2.1.0
  resolution: "tar-fs@npm:2.1.0"
  dependencies:
    chownr: ^1.1.1
    mkdirp-classic: ^0.5.2
    pump: ^3.0.0
    tar-stream: ^2.0.0
  checksum: 51a4cbb6e76d5f78f80cdc38522ee4085b76cd0ca7e31ef196bf09d7280719e3f713e3d434ddb28c31c6d9ae504e370a17e39d07b84365c6c5aeb971d5975cff
  languageName: node
  linkType: hard

"tar-stream@npm:^2.0.0":
  version: 2.1.2
  resolution: "tar-stream@npm:2.1.2"
  dependencies:
    bl: ^4.0.1
    end-of-stream: ^1.4.1
    fs-constants: ^1.0.0
    inherits: ^2.0.3
    readable-stream: ^3.1.1
  checksum: 439501c237d56e79b9af156d99cce4872a8b87bdda270d0057696513d7e1dd043066ecafc14b463fc86ae1b9548d504f4a74c45329144e5b8fb671fb3823c4f4
  languageName: node
  linkType: hard

"through@npm:^2.3.8":
  version: 2.3.8
  resolution: "through@npm:2.3.8"
  checksum: ab0e84b0ad6587f12411f1d205728beb362f5586f20b3f6208ea3b076f942f78777ec01b92a6ea2cfa743f997c791d2991400c237f516d35967cf19926e241cb
  languageName: node
  linkType: hard

"unbzip2-stream@npm:^1.3.3":
  version: 1.4.3
  resolution: "unbzip2-stream@npm:1.4.3"
  dependencies:
    buffer: ^5.2.1
    through: ^2.3.8
  checksum: bea9f21206e6efd696560ff670afcb2f3220e679562da3e87bf318122d683b72b758334ffe6a5e30cc7bed57e89bf339efa16ca5aaf6f147dfdec13d9c7217c5
  languageName: node
  linkType: hard

"util-deprecate@npm:^1.0.1":
  version: 1.0.2
  resolution: "util-deprecate@npm:1.0.2"
  checksum: 7bd691844e8e12f228777c3c718efaee35284c4422cf215f394fc2b56b5bbc8fef979fc1ab086e66f195227941270d7267c8105e871617f27fa292ec9fa83933
  languageName: node
  linkType: hard

"wrappy@npm:1":
  version: 1.0.2
  resolution: "wrappy@npm:1.0.2"
  checksum: 0796da084f06bced2351fed9686a7211f4a4b774a7a3b64c7ead1b3bef162b1721f2a1d3fb1268bf2e848c9d743eca189c2a243159a1512d5dfab4b0d4dd60b5
  languageName: node
  linkType: hard

"ws@npm:^7.2.3":
  version: 7.3.0
  resolution: "ws@npm:7.3.0"
  peerDependencies:
    bufferutil: ^4.0.1
    utf-8-validate: ^5.0.2
  peerDependenciesMeta:
    bufferutil:
      optional: true
    utf-8-validate:
      optional: true
  checksum: 0024ed26857ce5907b561a4c48736bcdb156155deed6bc80d336b0e3d9fc56a3148b10b932ad6278422b1f5a67a42a0fa5f69a8080aabb77cbb33edfd6c5171c
  languageName: node
  linkType: hard

"yauzl@npm:^2.10.0":
  version: 2.10.0
  resolution: "yauzl@npm:2.10.0"
  dependencies:
    buffer-crc32: ~0.2.3
    fd-slicer: ~1.1.0
  checksum: 2267457c0cafa99c1f9b5857ca36f7713404c309d22f59dce3d7b72ebda862fee7d8ca003119360fd584e768674aa9bc9135738ed3cb25d6dad71bd358b34042
  languageName: node
  linkType: hard
